// !$*UTF8*$!
{
	archiveVersion = 1;
	classes = {
	};
	objectVersion = 46;
	objects = {

/* Begin PBXBuildFile section */
		8904F36E13B8E18400D0B9BE /* AudioToolbox.framework in Frameworks */ = {isa = PBXBuildFile; fileRef = 8904F36C13B8E18400D0B9BE /* AudioToolbox.framework */; };
		8904F36F13B8E18400D0B9BE /* AVFoundation.framework in Frameworks */ = {isa = PBXBuildFile; fileRef = 8904F36D13B8E18400D0B9BE /* AVFoundation.framework */; };
		89099BE913B4969D00FEE82B /* libasihttp.a in Frameworks */ = {isa = PBXBuildFile; fileRef = 89099BE813B4969D00FEE82B /* libasihttp.a */; };
		89099BEB13B49F0600FEE82B /* CFNetwork.framework in Frameworks */ = {isa = PBXBuildFile; fileRef = 89099BEA13B49F0600FEE82B /* CFNetwork.framework */; };
		89099BED13B49F2C00FEE82B /* SystemConfiguration.framework in Frameworks */ = {isa = PBXBuildFile; fileRef = 89099BEC13B49F2C00FEE82B /* SystemConfiguration.framework */; };
		89099BEF13B49F3700FEE82B /* MobileCoreServices.framework in Frameworks */ = {isa = PBXBuildFile; fileRef = 89099BEE13B49F3700FEE82B /* MobileCoreServices.framework */; };
		89099BF213B49F5A00FEE82B /* libz.1.2.3.dylib in Frameworks */ = {isa = PBXBuildFile; fileRef = 89099BF113B49F5A00FEE82B /* libz.1.2.3.dylib */; };
		89099BF913B4A2E300FEE82B /* CHANGELOG.md in Resources */ = {isa = PBXBuildFile; fileRef = 89099BF513B4A2E300FEE82B /* CHANGELOG.md */; };
		89099BFA13B4A2E300FEE82B /* JSONKit.m in Sources */ = {isa = PBXBuildFile; fileRef = 89099BF713B4A2E300FEE82B /* JSONKit.m */; };
		89099BFB13B4A2E300FEE82B /* README.md in Resources */ = {isa = PBXBuildFile; fileRef = 89099BF813B4A2E300FEE82B /* README.md */; };
		89099BFD13B4AB8600FEE82B /* Environments.plist in Resources */ = {isa = PBXBuildFile; fileRef = 89099BFC13B4AB8600FEE82B /* Environments.plist */; };
		89099C0513B4AF7B00FEE82B /* Environment.m in Sources */ = {isa = PBXBuildFile; fileRef = 89099C0413B4AF7B00FEE82B /* Environment.m */; };
		890D0BE513F85D65007125E1 /* storybox.png in Resources */ = {isa = PBXBuildFile; fileRef = 890D0BE313F85D65007125E1 /* storybox.png */; };
		890D0BE613F85D65007125E1 /* storybox@2x.png in Resources */ = {isa = PBXBuildFile; fileRef = 890D0BE413F85D65007125E1 /* storybox@2x.png */; };
		890D0BE913F85E8A007125E1 /* gear.png in Resources */ = {isa = PBXBuildFile; fileRef = 890D0BE713F85E8A007125E1 /* gear.png */; };
		890D0BEA13F85E8A007125E1 /* gear@2x.png in Resources */ = {isa = PBXBuildFile; fileRef = 890D0BE813F85E8A007125E1 /* gear@2x.png */; };
		891DB32A13BCD09500B27C2F /* BundlesManager.m in Sources */ = {isa = PBXBuildFile; fileRef = 891DB32913BCD09500B27C2F /* BundlesManager.m */; };
		892F7CB913C0F94100C4B98C /* FileStore.m in Sources */ = {isa = PBXBuildFile; fileRef = 892F7CB813C0F94100C4B98C /* FileStore.m */; };
		892F7CBF13C1E08500C4B98C /* WeeklyBundlesViewController.m in Sources */ = {isa = PBXBuildFile; fileRef = 892F7CBD13C1E08500C4B98C /* WeeklyBundlesViewController.m */; };
		892F7CC013C1E08500C4B98C /* WeeklyBundlesView.xib in Resources */ = {isa = PBXBuildFile; fileRef = 892F7CBE13C1E08500C4B98C /* WeeklyBundlesView.xib */; };
		892F7CC613C2284500C4B98C /* WeeklyBundlesNavController.m in Sources */ = {isa = PBXBuildFile; fileRef = 892F7CC513C2284500C4B98C /* WeeklyBundlesNavController.m */; };
		8938566F13FB0C2A004BFE90 /* FileStoreSyncer.m in Sources */ = {isa = PBXBuildFile; fileRef = 8938566E13FB0C2A004BFE90 /* FileStoreSyncer.m */; };
		8938BF8913F994F200A32873 /* done@2x.png in Resources */ = {isa = PBXBuildFile; fileRef = 8938BF8613F994F200A32873 /* done@2x.png */; };
		8938BF8A13F994F200A32873 /* stop-highlighted@2x.png in Resources */ = {isa = PBXBuildFile; fileRef = 8938BF8713F994F200A32873 /* stop-highlighted@2x.png */; };
		8938BF8B13F994F200A32873 /* stop-normal@2x.png in Resources */ = {isa = PBXBuildFile; fileRef = 8938BF8813F994F200A32873 /* stop-normal@2x.png */; };
		8938BF9113F994FF00A32873 /* collect-highlighted.png in Resources */ = {isa = PBXBuildFile; fileRef = 8938BF8C13F994FF00A32873 /* collect-highlighted.png */; };
		8938BF9213F994FF00A32873 /* collect-normal.png in Resources */ = {isa = PBXBuildFile; fileRef = 8938BF8D13F994FF00A32873 /* collect-normal.png */; };
		8938BF9313F994FF00A32873 /* done.png in Resources */ = {isa = PBXBuildFile; fileRef = 8938BF8E13F994FF00A32873 /* done.png */; };
		8938BF9413F994FF00A32873 /* stop-highlighted.png in Resources */ = {isa = PBXBuildFile; fileRef = 8938BF8F13F994FF00A32873 /* stop-highlighted.png */; };
		8938BF9513F994FF00A32873 /* stop-normal.png in Resources */ = {isa = PBXBuildFile; fileRef = 8938BF9013F994FF00A32873 /* stop-normal.png */; };
		8938BF9813F99EF500A32873 /* Icon.png in Resources */ = {isa = PBXBuildFile; fileRef = 8938BF9613F99EF500A32873 /* Icon.png */; };
		8938BF9913F99EF500A32873 /* Icon@2x.png in Resources */ = {isa = PBXBuildFile; fileRef = 8938BF9713F99EF500A32873 /* Icon@2x.png */; };
		893B471C13E094C700852710 /* Storybox.m in Sources */ = {isa = PBXBuildFile; fileRef = 893B471B13E094C700852710 /* Storybox.m */; };
		893FBFAE13C23CF2007EE2E7 /* CabinSketch-Bold.ttf in Resources */ = {isa = PBXBuildFile; fileRef = 893FBFAD13C23CF2007EE2E7 /* CabinSketch-Bold.ttf */; };
		893FBFB613C37047007EE2E7 /* MBProgressHUD.m in Sources */ = {isa = PBXBuildFile; fileRef = 893FBFB413C37047007EE2E7 /* MBProgressHUD.m */; };
		893FBFB913C3714E007EE2E7 /* README.mdown in Resources */ = {isa = PBXBuildFile; fileRef = 893FBFB813C3714E007EE2E7 /* README.mdown */; };
		893FBFBE13C4C083007EE2E7 /* AudioDownloadsRunner.m in Sources */ = {isa = PBXBuildFile; fileRef = 893FBFBD13C4C083007EE2E7 /* AudioDownloadsRunner.m */; };
		893FBFC113C4D4D3007EE2E7 /* AudioDownload.m in Sources */ = {isa = PBXBuildFile; fileRef = 893FBFC013C4D4D3007EE2E7 /* AudioDownload.m */; };
		8948138513D32F28004C7D37 /* UIImage+Alpha.m in Sources */ = {isa = PBXBuildFile; fileRef = 8948138013D32F28004C7D37 /* UIImage+Alpha.m */; };
		8948138613D32F28004C7D37 /* UIImage+Resize.m in Sources */ = {isa = PBXBuildFile; fileRef = 8948138213D32F28004C7D37 /* UIImage+Resize.m */; };
		8948138713D32F28004C7D37 /* UIImage+RoundedCorner.m in Sources */ = {isa = PBXBuildFile; fileRef = 8948138413D32F28004C7D37 /* UIImage+RoundedCorner.m */; };
		8948138C13D3314D004C7D37 /* BundleCell.m in Sources */ = {isa = PBXBuildFile; fileRef = 8948138A13D3314D004C7D37 /* BundleCell.m */; };
		8948138D13D3314D004C7D37 /* BundleCell.xib in Resources */ = {isa = PBXBuildFile; fileRef = 8948138B13D3314D004C7D37 /* BundleCell.xib */; };
		8948139913D34737004C7D37 /* QuartzCore.framework in Frameworks */ = {isa = PBXBuildFile; fileRef = 8948139813D34736004C7D37 /* QuartzCore.framework */; };
		894813A013D34907004C7D37 /* bus_window_240x163.jpg in Resources */ = {isa = PBXBuildFile; fileRef = 8948139B13D34907004C7D37 /* bus_window_240x163.jpg */; };
		894813A113D34907004C7D37 /* london_double_decker_240x160.jpg in Resources */ = {isa = PBXBuildFile; fileRef = 8948139C13D34907004C7D37 /* london_double_decker_240x160.jpg */; };
		894813A213D34907004C7D37 /* rush_hour_240x160.jpg in Resources */ = {isa = PBXBuildFile; fileRef = 8948139D13D34907004C7D37 /* rush_hour_240x160.jpg */; };
		894813A313D34907004C7D37 /* story_road_240x180.jpg in Resources */ = {isa = PBXBuildFile; fileRef = 8948139E13D34907004C7D37 /* story_road_240x180.jpg */; };
		894813A413D34907004C7D37 /* urban_commute_240x180.jpg in Resources */ = {isa = PBXBuildFile; fileRef = 8948139F13D34907004C7D37 /* urban_commute_240x180.jpg */; };
		894C512713AB7B2900F83A5F /* UIKit.framework in Frameworks */ = {isa = PBXBuildFile; fileRef = 894C512613AB7B2900F83A5F /* UIKit.framework */; };
		894C512913AB7B2900F83A5F /* Foundation.framework in Frameworks */ = {isa = PBXBuildFile; fileRef = 894C512813AB7B2900F83A5F /* Foundation.framework */; };
		894C512B13AB7B2900F83A5F /* CoreGraphics.framework in Frameworks */ = {isa = PBXBuildFile; fileRef = 894C512A13AB7B2900F83A5F /* CoreGraphics.framework */; };
		894C513113AB7B2900F83A5F /* InfoPlist.strings in Resources */ = {isa = PBXBuildFile; fileRef = 894C512F13AB7B2900F83A5F /* InfoPlist.strings */; };
		894C513413AB7B2900F83A5F /* main.m in Sources */ = {isa = PBXBuildFile; fileRef = 894C513313AB7B2900F83A5F /* main.m */; };
		894C513713AB7B2900F83A5F /* SuperOwlWeeklyHootsAppDelegate.m in Sources */ = {isa = PBXBuildFile; fileRef = 894C513613AB7B2900F83A5F /* SuperOwlWeeklyHootsAppDelegate.m */; };
		894C513A13AB7B2900F83A5F /* MainWindow.xib in Resources */ = {isa = PBXBuildFile; fileRef = 894C513813AB7B2900F83A5F /* MainWindow.xib */; };
		894C513D13AB7B2900F83A5F /* WeeklyHootViewController.m in Sources */ = {isa = PBXBuildFile; fileRef = 894C513C13AB7B2900F83A5F /* WeeklyHootViewController.m */; };
		894C514013AB7B2900F83A5F /* RewindViewController.m in Sources */ = {isa = PBXBuildFile; fileRef = 894C513F13AB7B2900F83A5F /* RewindViewController.m */; };
		894C514313AB7B2900F83A5F /* WeeklyHootView.xib in Resources */ = {isa = PBXBuildFile; fileRef = 894C514113AB7B2900F83A5F /* WeeklyHootView.xib */; };
		894C514613AB7B2900F83A5F /* RewindView.xib in Resources */ = {isa = PBXBuildFile; fileRef = 894C514413AB7B2900F83A5F /* RewindView.xib */; };
		896C0C3613DC6B0E007F1B3F /* StoryboxViewController.m in Sources */ = {isa = PBXBuildFile; fileRef = 896C0C3413DC6B0E007F1B3F /* StoryboxViewController.m */; };
		896C0C3713DC6B0E007F1B3F /* StoryboxView.xib in Resources */ = {isa = PBXBuildFile; fileRef = 896C0C3513DC6B0E007F1B3F /* StoryboxView.xib */; };
		896C0C3A13DC8732007F1B3F /* PlaylistsQueue.m in Sources */ = {isa = PBXBuildFile; fileRef = 896C0C3913DC8732007F1B3F /* PlaylistsQueue.m */; };
		896C0C3D13DC944F007F1B3F /* StoryboxLoader.m in Sources */ = {isa = PBXBuildFile; fileRef = 896C0C3C13DC944F007F1B3F /* StoryboxLoader.m */; };
		896C0C4513DCA3B0007F1B3F /* StoryboxNavController.m in Sources */ = {isa = PBXBuildFile; fileRef = 896C0C4413DCA3B0007F1B3F /* StoryboxNavController.m */; };
		896E5A6E13E4046000319C45 /* PlaylistDownload.m in Sources */ = {isa = PBXBuildFile; fileRef = 896E5A6D13E4046000319C45 /* PlaylistDownload.m */; };
		89A41A3F13F06E4900769CAD /* AudioPlayerAlbumInfo.png in Resources */ = {isa = PBXBuildFile; fileRef = 89A41A2813F06E4900769CAD /* AudioPlayerAlbumInfo.png */; };
		89A41A4013F06E4900769CAD /* AudioPlayerBarBackground.png in Resources */ = {isa = PBXBuildFile; fileRef = 89A41A2913F06E4900769CAD /* AudioPlayerBarBackground.png */; };
		89A41A4113F06E4900769CAD /* AudioPlayerNextTrack.png in Resources */ = {isa = PBXBuildFile; fileRef = 89A41A2A13F06E4900769CAD /* AudioPlayerNextTrack.png */; };
		89A41A4213F06E4900769CAD /* AudioPlayerNoArtwork.png in Resources */ = {isa = PBXBuildFile; fileRef = 89A41A2B13F06E4900769CAD /* AudioPlayerNoArtwork.png */; };
		89A41A4313F06E4900769CAD /* AudioPlayerPause.png in Resources */ = {isa = PBXBuildFile; fileRef = 89A41A2C13F06E4900769CAD /* AudioPlayerPause.png */; };
		89A41A4413F06E4900769CAD /* AudioPlayerPlay.png in Resources */ = {isa = PBXBuildFile; fileRef = 89A41A2D13F06E4900769CAD /* AudioPlayerPlay.png */; };
		89A41A4513F06E4900769CAD /* AudioPlayerPrevTrack.png in Resources */ = {isa = PBXBuildFile; fileRef = 89A41A2E13F06E4900769CAD /* AudioPlayerPrevTrack.png */; };
		89A41A4613F06E4900769CAD /* AudioPlayerRepeatOff.png in Resources */ = {isa = PBXBuildFile; fileRef = 89A41A2F13F06E4900769CAD /* AudioPlayerRepeatOff.png */; };
		89A41A4713F06E4900769CAD /* AudioPlayerRepeatOn.png in Resources */ = {isa = PBXBuildFile; fileRef = 89A41A3013F06E4900769CAD /* AudioPlayerRepeatOn.png */; };
		89A41A4813F06E4900769CAD /* AudioPlayerRepeatOneOn.png in Resources */ = {isa = PBXBuildFile; fileRef = 89A41A3113F06E4900769CAD /* AudioPlayerRepeatOneOn.png */; };
		89A41A4913F06E4900769CAD /* AudioPlayerScrubberKnob.png in Resources */ = {isa = PBXBuildFile; fileRef = 89A41A3213F06E4900769CAD /* AudioPlayerScrubberKnob.png */; };
		89A41A4A13F06E4900769CAD /* AudioPlayerScrubberLeft.png in Resources */ = {isa = PBXBuildFile; fileRef = 89A41A3313F06E4900769CAD /* AudioPlayerScrubberLeft.png */; };
		89A41A4B13F06E4900769CAD /* AudioPlayerScrubberRight.png in Resources */ = {isa = PBXBuildFile; fileRef = 89A41A3413F06E4900769CAD /* AudioPlayerScrubberRight.png */; };
		89A41A4C13F06E4900769CAD /* AudioPlayerShuffleOff.png in Resources */ = {isa = PBXBuildFile; fileRef = 89A41A3513F06E4900769CAD /* AudioPlayerShuffleOff.png */; };
		89A41A4D13F06E4900769CAD /* AudioPlayerShuffleOn.png in Resources */ = {isa = PBXBuildFile; fileRef = 89A41A3613F06E4900769CAD /* AudioPlayerShuffleOn.png */; };
		89A41A4E13F06E4900769CAD /* AudioPlayerTableBackground.png in Resources */ = {isa = PBXBuildFile; fileRef = 89A41A3713F06E4900769CAD /* AudioPlayerTableBackground.png */; };
		89A41A4F13F06E4900769CAD /* AudioPlayerVolumeKnob.png in Resources */ = {isa = PBXBuildFile; fileRef = 89A41A3813F06E4900769CAD /* AudioPlayerVolumeKnob.png */; };
		89A41A5013F06E4900769CAD /* MDAudioFile.m in Sources */ = {isa = PBXBuildFile; fileRef = 89A41A3A13F06E4900769CAD /* MDAudioFile.m */; };
		89A41A5113F06E4900769CAD /* MDAudioPlayerController.m in Sources */ = {isa = PBXBuildFile; fileRef = 89A41A3C13F06E4900769CAD /* MDAudioPlayerController.m */; };
		89A41A5213F06E4900769CAD /* MDAudioPlayerTableViewCell.m in Sources */ = {isa = PBXBuildFile; fileRef = 89A41A3E13F06E4900769CAD /* MDAudioPlayerTableViewCell.m */; };
		89C0779813E9337F00DDAB6E /* ProgrammeDownload.m in Sources */ = {isa = PBXBuildFile; fileRef = 89C0779713E9337F00DDAB6E /* ProgrammeDownload.m */; };
		89DF135413AF9351005A557A /* WeeklyBundle.m in Sources */ = {isa = PBXBuildFile; fileRef = 89DF135313AF9351005A557A /* WeeklyBundle.m */; };
		89DF135713AF9941005A557A /* Playlist.m in Sources */ = {isa = PBXBuildFile; fileRef = 89DF135613AF9941005A557A /* Playlist.m */; };
		89DF135A13AF9A86005A557A /* Programme.m in Sources */ = {isa = PBXBuildFile; fileRef = 89DF135913AF9A86005A557A /* Programme.m */; };
		89DF135D13B0A046005A557A /* WeeklyHootSectionHeaderView.xib in Resources */ = {isa = PBXBuildFile; fileRef = 89DF135C13B0A046005A557A /* WeeklyHootSectionHeaderView.xib */; };
		89DF136013B0A27D005A557A /* WeeklyHootSectionHeader.m in Sources */ = {isa = PBXBuildFile; fileRef = 89DF135F13B0A27D005A557A /* WeeklyHootSectionHeader.m */; };
		89E1D6FD13F9407900A40099 /* collect-highlighted@2x.png in Resources */ = {isa = PBXBuildFile; fileRef = 89E1D6FB13F9407900A40099 /* collect-highlighted@2x.png */; };
		89E1D6FE13F9407900A40099 /* collect-normal@2x.png in Resources */ = {isa = PBXBuildFile; fileRef = 89E1D6FC13F9407900A40099 /* collect-normal@2x.png */; };
		89E1F08513DDFF2300D381E2 /* london_double_decker_500x333.jpg in Resources */ = {isa = PBXBuildFile; fileRef = 89E1F08413DDFF2300D381E2 /* london_double_decker_500x333.jpg */; };
		89E1F08813DDFFDB00D381E2 /* bus_window_500 x 339.jpg in Resources */ = {isa = PBXBuildFile; fileRef = 89E1F08713DDFFDB00D381E2 /* bus_window_500 x 339.jpg */; };
/* End PBXBuildFile section */

/* Begin PBXFileReference section */
		8904F36C13B8E18400D0B9BE /* AudioToolbox.framework */ = {isa = PBXFileReference; lastKnownFileType = wrapper.framework; name = AudioToolbox.framework; path = System/Library/Frameworks/AudioToolbox.framework; sourceTree = SDKROOT; };
		8904F36D13B8E18400D0B9BE /* AVFoundation.framework */ = {isa = PBXFileReference; lastKnownFileType = wrapper.framework; name = AVFoundation.framework; path = System/Library/Frameworks/AVFoundation.framework; sourceTree = SDKROOT; };
		89099BE813B4969D00FEE82B /* libasihttp.a */ = {isa = PBXFileReference; explicitFileType = archive.ar; path = libasihttp.a; sourceTree = SOURCE_ROOT; };
		89099BEA13B49F0600FEE82B /* CFNetwork.framework */ = {isa = PBXFileReference; lastKnownFileType = wrapper.framework; name = CFNetwork.framework; path = System/Library/Frameworks/CFNetwork.framework; sourceTree = SDKROOT; };
		89099BEC13B49F2C00FEE82B /* SystemConfiguration.framework */ = {isa = PBXFileReference; lastKnownFileType = wrapper.framework; name = SystemConfiguration.framework; path = System/Library/Frameworks/SystemConfiguration.framework; sourceTree = SDKROOT; };
		89099BEE13B49F3700FEE82B /* MobileCoreServices.framework */ = {isa = PBXFileReference; lastKnownFileType = wrapper.framework; name = MobileCoreServices.framework; path = System/Library/Frameworks/MobileCoreServices.framework; sourceTree = SDKROOT; };
		89099BF013B49F4500FEE82B /* CoreGraphics.framework */ = {isa = PBXFileReference; lastKnownFileType = wrapper.framework; name = CoreGraphics.framework; path = System/Library/Frameworks/CoreGraphics.framework; sourceTree = SDKROOT; };
		89099BF113B49F5A00FEE82B /* libz.1.2.3.dylib */ = {isa = PBXFileReference; lastKnownFileType = "compiled.mach-o.dylib"; name = libz.1.2.3.dylib; path = usr/lib/libz.1.2.3.dylib; sourceTree = SDKROOT; };
		89099BF513B4A2E300FEE82B /* CHANGELOG.md */ = {isa = PBXFileReference; fileEncoding = 4; lastKnownFileType = text; path = CHANGELOG.md; sourceTree = "<group>"; };
		89099BF613B4A2E300FEE82B /* JSONKit.h */ = {isa = PBXFileReference; fileEncoding = 4; lastKnownFileType = sourcecode.c.h; path = JSONKit.h; sourceTree = "<group>"; };
		89099BF713B4A2E300FEE82B /* JSONKit.m */ = {isa = PBXFileReference; fileEncoding = 4; lastKnownFileType = sourcecode.c.objc; path = JSONKit.m; sourceTree = "<group>"; };
		89099BF813B4A2E300FEE82B /* README.md */ = {isa = PBXFileReference; fileEncoding = 4; lastKnownFileType = text; path = README.md; sourceTree = "<group>"; };
		89099BFC13B4AB8600FEE82B /* Environments.plist */ = {isa = PBXFileReference; fileEncoding = 4; lastKnownFileType = text.plist.xml; path = Environments.plist; sourceTree = "<group>"; };
		89099C0313B4AF7B00FEE82B /* Environment.h */ = {isa = PBXFileReference; fileEncoding = 4; lastKnownFileType = sourcecode.c.h; path = Environment.h; sourceTree = "<group>"; };
		89099C0413B4AF7B00FEE82B /* Environment.m */ = {isa = PBXFileReference; fileEncoding = 4; lastKnownFileType = sourcecode.c.objc; path = Environment.m; sourceTree = "<group>"; };
		890D0BE313F85D65007125E1 /* storybox.png */ = {isa = PBXFileReference; lastKnownFileType = image.png; path = storybox.png; sourceTree = "<group>"; };
		890D0BE413F85D65007125E1 /* storybox@2x.png */ = {isa = PBXFileReference; lastKnownFileType = image.png; path = "storybox@2x.png"; sourceTree = "<group>"; };
		890D0BE713F85E8A007125E1 /* gear.png */ = {isa = PBXFileReference; lastKnownFileType = image.png; path = gear.png; sourceTree = "<group>"; };
		890D0BE813F85E8A007125E1 /* gear@2x.png */ = {isa = PBXFileReference; lastKnownFileType = image.png; path = "gear@2x.png"; sourceTree = "<group>"; };
		891DB32813BCD09500B27C2F /* BundlesManager.h */ = {isa = PBXFileReference; fileEncoding = 4; lastKnownFileType = sourcecode.c.h; path = BundlesManager.h; sourceTree = "<group>"; };
		891DB32913BCD09500B27C2F /* BundlesManager.m */ = {isa = PBXFileReference; fileEncoding = 4; lastKnownFileType = sourcecode.c.objc; path = BundlesManager.m; sourceTree = "<group>"; };
		892F7CB713C0F94100C4B98C /* FileStore.h */ = {isa = PBXFileReference; fileEncoding = 4; lastKnownFileType = sourcecode.c.h; path = FileStore.h; sourceTree = "<group>"; };
		892F7CB813C0F94100C4B98C /* FileStore.m */ = {isa = PBXFileReference; fileEncoding = 4; lastKnownFileType = sourcecode.c.objc; path = FileStore.m; sourceTree = "<group>"; };
		892F7CBC13C1E08500C4B98C /* WeeklyBundlesViewController.h */ = {isa = PBXFileReference; fileEncoding = 4; lastKnownFileType = sourcecode.c.h; path = WeeklyBundlesViewController.h; sourceTree = "<group>"; };
		892F7CBD13C1E08500C4B98C /* WeeklyBundlesViewController.m */ = {isa = PBXFileReference; fileEncoding = 4; lastKnownFileType = sourcecode.c.objc; path = WeeklyBundlesViewController.m; sourceTree = "<group>"; };
		892F7CBE13C1E08500C4B98C /* WeeklyBundlesView.xib */ = {isa = PBXFileReference; fileEncoding = 4; lastKnownFileType = file.xib; path = WeeklyBundlesView.xib; sourceTree = "<group>"; };
		892F7CC413C2284500C4B98C /* WeeklyBundlesNavController.h */ = {isa = PBXFileReference; fileEncoding = 4; lastKnownFileType = sourcecode.c.h; path = WeeklyBundlesNavController.h; sourceTree = "<group>"; };
		892F7CC513C2284500C4B98C /* WeeklyBundlesNavController.m */ = {isa = PBXFileReference; fileEncoding = 4; lastKnownFileType = sourcecode.c.objc; path = WeeklyBundlesNavController.m; sourceTree = "<group>"; };
		8938566D13FB0C2A004BFE90 /* FileStoreSyncer.h */ = {isa = PBXFileReference; fileEncoding = 4; lastKnownFileType = sourcecode.c.h; path = FileStoreSyncer.h; sourceTree = "<group>"; };
		8938566E13FB0C2A004BFE90 /* FileStoreSyncer.m */ = {isa = PBXFileReference; fileEncoding = 4; lastKnownFileType = sourcecode.c.objc; path = FileStoreSyncer.m; sourceTree = "<group>"; };
		8938BF8613F994F200A32873 /* done@2x.png */ = {isa = PBXFileReference; lastKnownFileType = image.png; path = "done@2x.png"; sourceTree = "<group>"; };
		8938BF8713F994F200A32873 /* stop-highlighted@2x.png */ = {isa = PBXFileReference; lastKnownFileType = image.png; path = "stop-highlighted@2x.png"; sourceTree = "<group>"; };
		8938BF8813F994F200A32873 /* stop-normal@2x.png */ = {isa = PBXFileReference; lastKnownFileType = image.png; path = "stop-normal@2x.png"; sourceTree = "<group>"; };
		8938BF8C13F994FF00A32873 /* collect-highlighted.png */ = {isa = PBXFileReference; lastKnownFileType = image.png; path = "collect-highlighted.png"; sourceTree = "<group>"; };
		8938BF8D13F994FF00A32873 /* collect-normal.png */ = {isa = PBXFileReference; lastKnownFileType = image.png; path = "collect-normal.png"; sourceTree = "<group>"; };
		8938BF8E13F994FF00A32873 /* done.png */ = {isa = PBXFileReference; lastKnownFileType = image.png; path = done.png; sourceTree = "<group>"; };
		8938BF8F13F994FF00A32873 /* stop-highlighted.png */ = {isa = PBXFileReference; lastKnownFileType = image.png; path = "stop-highlighted.png"; sourceTree = "<group>"; };
		8938BF9013F994FF00A32873 /* stop-normal.png */ = {isa = PBXFileReference; lastKnownFileType = image.png; path = "stop-normal.png"; sourceTree = "<group>"; };
		8938BF9613F99EF500A32873 /* Icon.png */ = {isa = PBXFileReference; lastKnownFileType = image.png; path = Icon.png; sourceTree = "<group>"; };
		8938BF9713F99EF500A32873 /* Icon@2x.png */ = {isa = PBXFileReference; lastKnownFileType = image.png; path = "Icon@2x.png"; sourceTree = "<group>"; };
		893B471A13E094C700852710 /* Storybox.h */ = {isa = PBXFileReference; fileEncoding = 4; lastKnownFileType = sourcecode.c.h; path = Storybox.h; sourceTree = "<group>"; };
		893B471B13E094C700852710 /* Storybox.m */ = {isa = PBXFileReference; fileEncoding = 4; lastKnownFileType = sourcecode.c.objc; path = Storybox.m; sourceTree = "<group>"; };
		893FBFAD13C23CF2007EE2E7 /* CabinSketch-Bold.ttf */ = {isa = PBXFileReference; lastKnownFileType = file; path = "CabinSketch-Bold.ttf"; sourceTree = "<group>"; };
		893FBFB413C37047007EE2E7 /* MBProgressHUD.m */ = {isa = PBXFileReference; fileEncoding = 4; lastKnownFileType = sourcecode.c.objc; path = MBProgressHUD.m; sourceTree = "<group>"; };
		893FBFB513C37047007EE2E7 /* MBProgressHUD.h */ = {isa = PBXFileReference; fileEncoding = 4; lastKnownFileType = sourcecode.c.h; path = MBProgressHUD.h; sourceTree = "<group>"; };
		893FBFB813C3714E007EE2E7 /* README.mdown */ = {isa = PBXFileReference; fileEncoding = 4; lastKnownFileType = text; path = README.mdown; sourceTree = "<group>"; };
		893FBFBC13C4C083007EE2E7 /* AudioDownloadsRunner.h */ = {isa = PBXFileReference; fileEncoding = 4; lastKnownFileType = sourcecode.c.h; path = AudioDownloadsRunner.h; sourceTree = "<group>"; };
		893FBFBD13C4C083007EE2E7 /* AudioDownloadsRunner.m */ = {isa = PBXFileReference; fileEncoding = 4; lastKnownFileType = sourcecode.c.objc; path = AudioDownloadsRunner.m; sourceTree = "<group>"; };
		893FBFBF13C4D4D3007EE2E7 /* AudioDownload.h */ = {isa = PBXFileReference; fileEncoding = 4; lastKnownFileType = sourcecode.c.h; path = AudioDownload.h; sourceTree = "<group>"; };
		893FBFC013C4D4D3007EE2E7 /* AudioDownload.m */ = {isa = PBXFileReference; fileEncoding = 4; lastKnownFileType = sourcecode.c.objc; path = AudioDownload.m; sourceTree = "<group>"; };
		8948137F13D32F28004C7D37 /* UIImage+Alpha.h */ = {isa = PBXFileReference; fileEncoding = 4; lastKnownFileType = sourcecode.c.h; path = "UIImage+Alpha.h"; sourceTree = "<group>"; };
		8948138013D32F28004C7D37 /* UIImage+Alpha.m */ = {isa = PBXFileReference; fileEncoding = 4; lastKnownFileType = sourcecode.c.objc; path = "UIImage+Alpha.m"; sourceTree = "<group>"; };
		8948138113D32F28004C7D37 /* UIImage+Resize.h */ = {isa = PBXFileReference; fileEncoding = 4; lastKnownFileType = sourcecode.c.h; path = "UIImage+Resize.h"; sourceTree = "<group>"; };
		8948138213D32F28004C7D37 /* UIImage+Resize.m */ = {isa = PBXFileReference; fileEncoding = 4; lastKnownFileType = sourcecode.c.objc; path = "UIImage+Resize.m"; sourceTree = "<group>"; };
		8948138313D32F28004C7D37 /* UIImage+RoundedCorner.h */ = {isa = PBXFileReference; fileEncoding = 4; lastKnownFileType = sourcecode.c.h; path = "UIImage+RoundedCorner.h"; sourceTree = "<group>"; };
		8948138413D32F28004C7D37 /* UIImage+RoundedCorner.m */ = {isa = PBXFileReference; fileEncoding = 4; lastKnownFileType = sourcecode.c.objc; path = "UIImage+RoundedCorner.m"; sourceTree = "<group>"; };
		8948138913D3314D004C7D37 /* BundleCell.h */ = {isa = PBXFileReference; fileEncoding = 4; lastKnownFileType = sourcecode.c.h; path = BundleCell.h; sourceTree = "<group>"; };
		8948138A13D3314D004C7D37 /* BundleCell.m */ = {isa = PBXFileReference; fileEncoding = 4; lastKnownFileType = sourcecode.c.objc; path = BundleCell.m; sourceTree = "<group>"; };
		8948138B13D3314D004C7D37 /* BundleCell.xib */ = {isa = PBXFileReference; fileEncoding = 4; lastKnownFileType = file.xib; path = BundleCell.xib; sourceTree = "<group>"; };
		8948139813D34736004C7D37 /* QuartzCore.framework */ = {isa = PBXFileReference; lastKnownFileType = wrapper.framework; name = QuartzCore.framework; path = System/Library/Frameworks/QuartzCore.framework; sourceTree = SDKROOT; };
		8948139B13D34907004C7D37 /* bus_window_240x163.jpg */ = {isa = PBXFileReference; lastKnownFileType = image.jpeg; path = bus_window_240x163.jpg; sourceTree = "<group>"; };
		8948139C13D34907004C7D37 /* london_double_decker_240x160.jpg */ = {isa = PBXFileReference; lastKnownFileType = image.jpeg; path = london_double_decker_240x160.jpg; sourceTree = "<group>"; };
		8948139D13D34907004C7D37 /* rush_hour_240x160.jpg */ = {isa = PBXFileReference; lastKnownFileType = image.jpeg; path = rush_hour_240x160.jpg; sourceTree = "<group>"; };
		8948139E13D34907004C7D37 /* story_road_240x180.jpg */ = {isa = PBXFileReference; lastKnownFileType = image.jpeg; path = story_road_240x180.jpg; sourceTree = "<group>"; };
		8948139F13D34907004C7D37 /* urban_commute_240x180.jpg */ = {isa = PBXFileReference; lastKnownFileType = image.jpeg; path = urban_commute_240x180.jpg; sourceTree = "<group>"; };
		894C512213AB7B2900F83A5F /* SuperOwlWeeklyHoots.app */ = {isa = PBXFileReference; explicitFileType = wrapper.application; includeInIndex = 0; path = SuperOwlWeeklyHoots.app; sourceTree = BUILT_PRODUCTS_DIR; };
		894C512613AB7B2900F83A5F /* UIKit.framework */ = {isa = PBXFileReference; lastKnownFileType = wrapper.framework; name = UIKit.framework; path = System/Library/Frameworks/UIKit.framework; sourceTree = SDKROOT; };
		894C512813AB7B2900F83A5F /* Foundation.framework */ = {isa = PBXFileReference; lastKnownFileType = wrapper.framework; name = Foundation.framework; path = System/Library/Frameworks/Foundation.framework; sourceTree = SDKROOT; };
		894C512A13AB7B2900F83A5F /* CoreGraphics.framework */ = {isa = PBXFileReference; lastKnownFileType = wrapper.framework; name = CoreGraphics.framework; path = System/Library/Frameworks/CoreGraphics.framework; sourceTree = SDKROOT; };
		894C512E13AB7B2900F83A5F /* SuperOwlWeeklyHoots-Info.plist */ = {isa = PBXFileReference; lastKnownFileType = text.plist.xml; path = "SuperOwlWeeklyHoots-Info.plist"; sourceTree = "<group>"; };
		894C513013AB7B2900F83A5F /* en */ = {isa = PBXFileReference; lastKnownFileType = text.plist.strings; name = en; path = en.lproj/InfoPlist.strings; sourceTree = "<group>"; };
		894C513213AB7B2900F83A5F /* SuperOwlWeeklyHoots-Prefix.pch */ = {isa = PBXFileReference; lastKnownFileType = sourcecode.c.h; path = "SuperOwlWeeklyHoots-Prefix.pch"; sourceTree = "<group>"; };
		894C513313AB7B2900F83A5F /* main.m */ = {isa = PBXFileReference; lastKnownFileType = sourcecode.c.objc; path = main.m; sourceTree = "<group>"; };
		894C513513AB7B2900F83A5F /* SuperOwlWeeklyHootsAppDelegate.h */ = {isa = PBXFileReference; lastKnownFileType = sourcecode.c.h; path = SuperOwlWeeklyHootsAppDelegate.h; sourceTree = "<group>"; };
		894C513613AB7B2900F83A5F /* SuperOwlWeeklyHootsAppDelegate.m */ = {isa = PBXFileReference; lastKnownFileType = sourcecode.c.objc; path = SuperOwlWeeklyHootsAppDelegate.m; sourceTree = "<group>"; };
		894C513913AB7B2900F83A5F /* en */ = {isa = PBXFileReference; lastKnownFileType = file.xib; name = en; path = en.lproj/MainWindow.xib; sourceTree = "<group>"; };
		894C513B13AB7B2900F83A5F /* WeeklyHootViewController.h */ = {isa = PBXFileReference; lastKnownFileType = sourcecode.c.h; path = WeeklyHootViewController.h; sourceTree = "<group>"; };
		894C513C13AB7B2900F83A5F /* WeeklyHootViewController.m */ = {isa = PBXFileReference; lastKnownFileType = sourcecode.c.objc; path = WeeklyHootViewController.m; sourceTree = "<group>"; };
		894C513E13AB7B2900F83A5F /* RewindViewController.h */ = {isa = PBXFileReference; lastKnownFileType = sourcecode.c.h; path = RewindViewController.h; sourceTree = "<group>"; };
		894C513F13AB7B2900F83A5F /* RewindViewController.m */ = {isa = PBXFileReference; lastKnownFileType = sourcecode.c.objc; path = RewindViewController.m; sourceTree = "<group>"; };
		894C514213AB7B2900F83A5F /* en */ = {isa = PBXFileReference; lastKnownFileType = file.xib; name = en; path = en.lproj/WeeklyHootView.xib; sourceTree = "<group>"; };
		894C514513AB7B2900F83A5F /* en */ = {isa = PBXFileReference; lastKnownFileType = file.xib; name = en; path = en.lproj/RewindView.xib; sourceTree = "<group>"; };
		896C0C3313DC6B0E007F1B3F /* StoryboxViewController.h */ = {isa = PBXFileReference; fileEncoding = 4; lastKnownFileType = sourcecode.c.h; path = StoryboxViewController.h; sourceTree = "<group>"; };
		896C0C3413DC6B0E007F1B3F /* StoryboxViewController.m */ = {isa = PBXFileReference; fileEncoding = 4; lastKnownFileType = sourcecode.c.objc; path = StoryboxViewController.m; sourceTree = "<group>"; };
		896C0C3513DC6B0E007F1B3F /* StoryboxView.xib */ = {isa = PBXFileReference; fileEncoding = 4; lastKnownFileType = file.xib; path = StoryboxView.xib; sourceTree = "<group>"; };
		896C0C3813DC8732007F1B3F /* PlaylistsQueue.h */ = {isa = PBXFileReference; fileEncoding = 4; lastKnownFileType = sourcecode.c.h; path = PlaylistsQueue.h; sourceTree = "<group>"; };
		896C0C3913DC8732007F1B3F /* PlaylistsQueue.m */ = {isa = PBXFileReference; fileEncoding = 4; lastKnownFileType = sourcecode.c.objc; path = PlaylistsQueue.m; sourceTree = "<group>"; };
		896C0C3B13DC944F007F1B3F /* StoryboxLoader.h */ = {isa = PBXFileReference; fileEncoding = 4; lastKnownFileType = sourcecode.c.h; path = StoryboxLoader.h; sourceTree = "<group>"; };
		896C0C3C13DC944F007F1B3F /* StoryboxLoader.m */ = {isa = PBXFileReference; fileEncoding = 4; lastKnownFileType = sourcecode.c.objc; path = StoryboxLoader.m; sourceTree = "<group>"; };
		896C0C4313DCA3B0007F1B3F /* StoryboxNavController.h */ = {isa = PBXFileReference; fileEncoding = 4; lastKnownFileType = sourcecode.c.h; path = StoryboxNavController.h; sourceTree = "<group>"; };
		896C0C4413DCA3B0007F1B3F /* StoryboxNavController.m */ = {isa = PBXFileReference; fileEncoding = 4; lastKnownFileType = sourcecode.c.objc; path = StoryboxNavController.m; sourceTree = "<group>"; };
		896E5A6C13E4046000319C45 /* PlaylistDownload.h */ = {isa = PBXFileReference; fileEncoding = 4; lastKnownFileType = sourcecode.c.h; path = PlaylistDownload.h; sourceTree = "<group>"; };
		896E5A6D13E4046000319C45 /* PlaylistDownload.m */ = {isa = PBXFileReference; fileEncoding = 4; lastKnownFileType = sourcecode.c.objc; path = PlaylistDownload.m; sourceTree = "<group>"; };
		89A41A2813F06E4900769CAD /* AudioPlayerAlbumInfo.png */ = {isa = PBXFileReference; lastKnownFileType = image.png; path = AudioPlayerAlbumInfo.png; sourceTree = "<group>"; };
		89A41A2913F06E4900769CAD /* AudioPlayerBarBackground.png */ = {isa = PBXFileReference; lastKnownFileType = image.png; path = AudioPlayerBarBackground.png; sourceTree = "<group>"; };
		89A41A2A13F06E4900769CAD /* AudioPlayerNextTrack.png */ = {isa = PBXFileReference; lastKnownFileType = image.png; path = AudioPlayerNextTrack.png; sourceTree = "<group>"; };
		89A41A2B13F06E4900769CAD /* AudioPlayerNoArtwork.png */ = {isa = PBXFileReference; lastKnownFileType = image.png; path = AudioPlayerNoArtwork.png; sourceTree = "<group>"; };
		89A41A2C13F06E4900769CAD /* AudioPlayerPause.png */ = {isa = PBXFileReference; lastKnownFileType = image.png; path = AudioPlayerPause.png; sourceTree = "<group>"; };
		89A41A2D13F06E4900769CAD /* AudioPlayerPlay.png */ = {isa = PBXFileReference; lastKnownFileType = image.png; path = AudioPlayerPlay.png; sourceTree = "<group>"; };
		89A41A2E13F06E4900769CAD /* AudioPlayerPrevTrack.png */ = {isa = PBXFileReference; lastKnownFileType = image.png; path = AudioPlayerPrevTrack.png; sourceTree = "<group>"; };
		89A41A2F13F06E4900769CAD /* AudioPlayerRepeatOff.png */ = {isa = PBXFileReference; lastKnownFileType = image.png; path = AudioPlayerRepeatOff.png; sourceTree = "<group>"; };
		89A41A3013F06E4900769CAD /* AudioPlayerRepeatOn.png */ = {isa = PBXFileReference; lastKnownFileType = image.png; path = AudioPlayerRepeatOn.png; sourceTree = "<group>"; };
		89A41A3113F06E4900769CAD /* AudioPlayerRepeatOneOn.png */ = {isa = PBXFileReference; lastKnownFileType = image.png; path = AudioPlayerRepeatOneOn.png; sourceTree = "<group>"; };
		89A41A3213F06E4900769CAD /* AudioPlayerScrubberKnob.png */ = {isa = PBXFileReference; lastKnownFileType = image.png; path = AudioPlayerScrubberKnob.png; sourceTree = "<group>"; };
		89A41A3313F06E4900769CAD /* AudioPlayerScrubberLeft.png */ = {isa = PBXFileReference; lastKnownFileType = image.png; path = AudioPlayerScrubberLeft.png; sourceTree = "<group>"; };
		89A41A3413F06E4900769CAD /* AudioPlayerScrubberRight.png */ = {isa = PBXFileReference; lastKnownFileType = image.png; path = AudioPlayerScrubberRight.png; sourceTree = "<group>"; };
		89A41A3513F06E4900769CAD /* AudioPlayerShuffleOff.png */ = {isa = PBXFileReference; lastKnownFileType = image.png; path = AudioPlayerShuffleOff.png; sourceTree = "<group>"; };
		89A41A3613F06E4900769CAD /* AudioPlayerShuffleOn.png */ = {isa = PBXFileReference; lastKnownFileType = image.png; path = AudioPlayerShuffleOn.png; sourceTree = "<group>"; };
		89A41A3713F06E4900769CAD /* AudioPlayerTableBackground.png */ = {isa = PBXFileReference; lastKnownFileType = image.png; path = AudioPlayerTableBackground.png; sourceTree = "<group>"; };
		89A41A3813F06E4900769CAD /* AudioPlayerVolumeKnob.png */ = {isa = PBXFileReference; lastKnownFileType = image.png; path = AudioPlayerVolumeKnob.png; sourceTree = "<group>"; };
		89A41A3913F06E4900769CAD /* MDAudioFile.h */ = {isa = PBXFileReference; fileEncoding = 4; lastKnownFileType = sourcecode.c.h; path = MDAudioFile.h; sourceTree = "<group>"; };
		89A41A3A13F06E4900769CAD /* MDAudioFile.m */ = {isa = PBXFileReference; fileEncoding = 4; lastKnownFileType = sourcecode.c.objc; path = MDAudioFile.m; sourceTree = "<group>"; };
		89A41A3B13F06E4900769CAD /* MDAudioPlayerController.h */ = {isa = PBXFileReference; fileEncoding = 4; lastKnownFileType = sourcecode.c.h; path = MDAudioPlayerController.h; sourceTree = "<group>"; };
		89A41A3C13F06E4900769CAD /* MDAudioPlayerController.m */ = {isa = PBXFileReference; fileEncoding = 4; lastKnownFileType = sourcecode.c.objc; path = MDAudioPlayerController.m; sourceTree = "<group>"; };
		89A41A3D13F06E4900769CAD /* MDAudioPlayerTableViewCell.h */ = {isa = PBXFileReference; fileEncoding = 4; lastKnownFileType = sourcecode.c.h; path = MDAudioPlayerTableViewCell.h; sourceTree = "<group>"; };
		89A41A3E13F06E4900769CAD /* MDAudioPlayerTableViewCell.m */ = {isa = PBXFileReference; fileEncoding = 4; lastKnownFileType = sourcecode.c.objc; path = MDAudioPlayerTableViewCell.m; sourceTree = "<group>"; };
		89C0779613E9337F00DDAB6E /* ProgrammeDownload.h */ = {isa = PBXFileReference; fileEncoding = 4; lastKnownFileType = sourcecode.c.h; path = ProgrammeDownload.h; sourceTree = "<group>"; };
		89C0779713E9337F00DDAB6E /* ProgrammeDownload.m */ = {isa = PBXFileReference; fileEncoding = 4; lastKnownFileType = sourcecode.c.objc; path = ProgrammeDownload.m; sourceTree = "<group>"; };
		89D4A51D13B799EF0051A9F3 /* SuperOwlAudioNotifications.h */ = {isa = PBXFileReference; fileEncoding = 4; lastKnownFileType = sourcecode.c.h; path = SuperOwlAudioNotifications.h; sourceTree = "<group>"; };
		89DF135213AF9351005A557A /* WeeklyBundle.h */ = {isa = PBXFileReference; fileEncoding = 4; lastKnownFileType = sourcecode.c.h; path = WeeklyBundle.h; sourceTree = "<group>"; };
		89DF135313AF9351005A557A /* WeeklyBundle.m */ = {isa = PBXFileReference; fileEncoding = 4; lastKnownFileType = sourcecode.c.objc; path = WeeklyBundle.m; sourceTree = "<group>"; };
		89DF135513AF9941005A557A /* Playlist.h */ = {isa = PBXFileReference; fileEncoding = 4; lastKnownFileType = sourcecode.c.h; path = Playlist.h; sourceTree = "<group>"; };
		89DF135613AF9941005A557A /* Playlist.m */ = {isa = PBXFileReference; fileEncoding = 4; lastKnownFileType = sourcecode.c.objc; path = Playlist.m; sourceTree = "<group>"; };
		89DF135813AF9A86005A557A /* Programme.h */ = {isa = PBXFileReference; fileEncoding = 4; lastKnownFileType = sourcecode.c.h; path = Programme.h; sourceTree = "<group>"; };
		89DF135913AF9A86005A557A /* Programme.m */ = {isa = PBXFileReference; fileEncoding = 4; lastKnownFileType = sourcecode.c.objc; path = Programme.m; sourceTree = "<group>"; };
		89DF135C13B0A046005A557A /* WeeklyHootSectionHeaderView.xib */ = {isa = PBXFileReference; fileEncoding = 4; lastKnownFileType = file.xib; path = WeeklyHootSectionHeaderView.xib; sourceTree = "<group>"; };
		89DF135E13B0A27D005A557A /* WeeklyHootSectionHeader.h */ = {isa = PBXFileReference; fileEncoding = 4; lastKnownFileType = sourcecode.c.h; path = WeeklyHootSectionHeader.h; sourceTree = "<group>"; };
		89DF135F13B0A27D005A557A /* WeeklyHootSectionHeader.m */ = {isa = PBXFileReference; fileEncoding = 4; lastKnownFileType = sourcecode.c.objc; path = WeeklyHootSectionHeader.m; sourceTree = "<group>"; };
		89E1D6FB13F9407900A40099 /* collect-highlighted@2x.png */ = {isa = PBXFileReference; lastKnownFileType = image.png; path = "collect-highlighted@2x.png"; sourceTree = "<group>"; };
		89E1D6FC13F9407900A40099 /* collect-normal@2x.png */ = {isa = PBXFileReference; lastKnownFileType = image.png; path = "collect-normal@2x.png"; sourceTree = "<group>"; };
		89E1F08413DDFF2300D381E2 /* london_double_decker_500x333.jpg */ = {isa = PBXFileReference; lastKnownFileType = image.jpeg; path = london_double_decker_500x333.jpg; sourceTree = "<group>"; };
		89E1F08713DDFFDB00D381E2 /* bus_window_500 x 339.jpg */ = {isa = PBXFileReference; lastKnownFileType = image.jpeg; path = "bus_window_500 x 339.jpg"; sourceTree = "<group>"; };
/* End PBXFileReference section */

/* Begin PBXFrameworksBuildPhase section */
		894C511F13AB7B2900F83A5F /* Frameworks */ = {
			isa = PBXFrameworksBuildPhase;
			buildActionMask = 2147483647;
			files = (
				8948139913D34737004C7D37 /* QuartzCore.framework in Frameworks */,
				8904F36E13B8E18400D0B9BE /* AudioToolbox.framework in Frameworks */,
				8904F36F13B8E18400D0B9BE /* AVFoundation.framework in Frameworks */,
				89099BF213B49F5A00FEE82B /* libz.1.2.3.dylib in Frameworks */,
				894C512B13AB7B2900F83A5F /* CoreGraphics.framework in Frameworks */,
				89099BEF13B49F3700FEE82B /* MobileCoreServices.framework in Frameworks */,
				89099BED13B49F2C00FEE82B /* SystemConfiguration.framework in Frameworks */,
				89099BEB13B49F0600FEE82B /* CFNetwork.framework in Frameworks */,
				89099BE913B4969D00FEE82B /* libasihttp.a in Frameworks */,
				894C512713AB7B2900F83A5F /* UIKit.framework in Frameworks */,
				894C512913AB7B2900F83A5F /* Foundation.framework in Frameworks */,
			);
			runOnlyForDeploymentPostprocessing = 0;
		};
/* End PBXFrameworksBuildPhase section */

/* Begin PBXGroup section */
		89099BF313B4A2AA00FEE82B /* Vendor */ = {
			isa = PBXGroup;
			children = (
				89A41A2513F06DCD00769CAD /* MDAudioPlayer */,
				8948137D13D32F0E004C7D37 /* UIImage-categories */,
				893FBFB713C37132007EE2E7 /* MBProgressHUD */,
				89099BF413B4A2E300FEE82B /* JSONKit */,
			);
			name = Vendor;
			sourceTree = "<group>";
		};
		89099BF413B4A2E300FEE82B /* JSONKit */ = {
			isa = PBXGroup;
			children = (
				89099BF513B4A2E300FEE82B /* CHANGELOG.md */,
				89099BF613B4A2E300FEE82B /* JSONKit.h */,
				89099BF713B4A2E300FEE82B /* JSONKit.m */,
				89099BF813B4A2E300FEE82B /* README.md */,
			);
			path = JSONKit;
			sourceTree = "<group>";
		};
		89099C0213B4AF5200FEE82B /* Config */ = {
			isa = PBXGroup;
			children = (
				89099C0313B4AF7B00FEE82B /* Environment.h */,
				89099C0413B4AF7B00FEE82B /* Environment.m */,
			);
			name = Config;
			sourceTree = "<group>";
		};
		890D0BE213F85D51007125E1 /* Icons */ = {
			isa = PBXGroup;
			children = (
				8938BF9613F99EF500A32873 /* Icon.png */,
				8938BF9713F99EF500A32873 /* Icon@2x.png */,
				890D0BE713F85E8A007125E1 /* gear.png */,
				890D0BE813F85E8A007125E1 /* gear@2x.png */,
				890D0BE313F85D65007125E1 /* storybox.png */,
				890D0BE413F85D65007125E1 /* storybox@2x.png */,
			);
			name = Icons;
			sourceTree = "<group>";
		};
		892F7CB613C0F91D00C4B98C /* Utilities */ = {
			isa = PBXGroup;
			children = (
				892F7CB713C0F94100C4B98C /* FileStore.h */,
				892F7CB813C0F94100C4B98C /* FileStore.m */,
			);
			name = Utilities;
			sourceTree = "<group>";
		};
		892F7CBA13C1E03C00C4B98C /* Sections */ = {
			isa = PBXGroup;
			children = (
				896C0C3213DC69C3007F1B3F /* Storybox */,
				892F7CBB13C1E05000C4B98C /* WeeklyBundles */,
			);
			name = Sections;
			sourceTree = "<group>";
		};
		892F7CBB13C1E05000C4B98C /* WeeklyBundles */ = {
			isa = PBXGroup;
			children = (
				892F7CBC13C1E08500C4B98C /* WeeklyBundlesViewController.h */,
				892F7CBD13C1E08500C4B98C /* WeeklyBundlesViewController.m */,
				892F7CBE13C1E08500C4B98C /* WeeklyBundlesView.xib */,
				892F7CC513C2284500C4B98C /* WeeklyBundlesNavController.m */,
				892F7CC413C2284500C4B98C /* WeeklyBundlesNavController.h */,
			);
			name = WeeklyBundles;
			sourceTree = "<group>";
		};
		892F7CC713C2383800C4B98C /* Fonts */ = {
			isa = PBXGroup;
			children = (
				893FBFAD13C23CF2007EE2E7 /* CabinSketch-Bold.ttf */,
			);
			name = Fonts;
			sourceTree = "<group>";
		};
		893FBFB313C352D1007EE2E7 /* Buttons */ = {
			isa = PBXGroup;
			children = (
				89E1D6FB13F9407900A40099 /* collect-highlighted@2x.png */,
				89E1D6FC13F9407900A40099 /* collect-normal@2x.png */,
				8938BF8613F994F200A32873 /* done@2x.png */,
				8938BF8713F994F200A32873 /* stop-highlighted@2x.png */,
				8938BF8813F994F200A32873 /* stop-normal@2x.png */,
				8938BF8C13F994FF00A32873 /* collect-highlighted.png */,
				8938BF8D13F994FF00A32873 /* collect-normal.png */,
				8938BF8E13F994FF00A32873 /* done.png */,
				8938BF8F13F994FF00A32873 /* stop-highlighted.png */,
				8938BF9013F994FF00A32873 /* stop-normal.png */,
			);
			name = Buttons;
			sourceTree = "<group>";
		};
		893FBFB713C37132007EE2E7 /* MBProgressHUD */ = {
			isa = PBXGroup;
			children = (
				893FBFB813C3714E007EE2E7 /* README.mdown */,
				893FBFB413C37047007EE2E7 /* MBProgressHUD.m */,
				893FBFB513C37047007EE2E7 /* MBProgressHUD.h */,
			);
			name = MBProgressHUD;
			sourceTree = "<group>";
		};
		8948137D13D32F0E004C7D37 /* UIImage-categories */ = {
			isa = PBXGroup;
			children = (
				8948137F13D32F28004C7D37 /* UIImage+Alpha.h */,
				8948138013D32F28004C7D37 /* UIImage+Alpha.m */,
				8948138113D32F28004C7D37 /* UIImage+Resize.h */,
				8948138213D32F28004C7D37 /* UIImage+Resize.m */,
				8948138313D32F28004C7D37 /* UIImage+RoundedCorner.h */,
				8948138413D32F28004C7D37 /* UIImage+RoundedCorner.m */,
			);
			name = "UIImage-categories";
			sourceTree = "<group>";
		};
		8948138813D3304B004C7D37 /* Custom Cells */ = {
			isa = PBXGroup;
			children = (
				8948138913D3314D004C7D37 /* BundleCell.h */,
				8948138A13D3314D004C7D37 /* BundleCell.m */,
				8948138B13D3314D004C7D37 /* BundleCell.xib */,
			);
			name = "Custom Cells";
			sourceTree = "<group>";
		};
		8948139A13D348CB004C7D37 /* Bundle Background Images */ = {
			isa = PBXGroup;
			children = (
				89E1F08713DDFFDB00D381E2 /* bus_window_500 x 339.jpg */,
				89E1F08413DDFF2300D381E2 /* london_double_decker_500x333.jpg */,
				8948139B13D34907004C7D37 /* bus_window_240x163.jpg */,
				8948139C13D34907004C7D37 /* london_double_decker_240x160.jpg */,
				8948139D13D34907004C7D37 /* rush_hour_240x160.jpg */,
				8948139E13D34907004C7D37 /* story_road_240x180.jpg */,
				8948139F13D34907004C7D37 /* urban_commute_240x180.jpg */,
			);
			name = "Bundle Background Images";
			sourceTree = "<group>";
		};
		894C511713AB7B2900F83A5F = {
			isa = PBXGroup;
			children = (
				89DF135B13B0A000005A557A /* Custom Views */,
				89DF135113AF931C005A557A /* Models */,
				894C512C13AB7B2900F83A5F /* SuperOwlWeeklyHoots */,
				894C512513AB7B2900F83A5F /* Frameworks */,
				894C512313AB7B2900F83A5F /* Products */,
			);
			sourceTree = "<group>";
		};
		894C512313AB7B2900F83A5F /* Products */ = {
			isa = PBXGroup;
			children = (
				894C512213AB7B2900F83A5F /* SuperOwlWeeklyHoots.app */,
			);
			name = Products;
			sourceTree = "<group>";
		};
		894C512513AB7B2900F83A5F /* Frameworks */ = {
			isa = PBXGroup;
			children = (
				8948139813D34736004C7D37 /* QuartzCore.framework */,
				89099BF113B49F5A00FEE82B /* libz.1.2.3.dylib */,
				8904F36C13B8E18400D0B9BE /* AudioToolbox.framework */,
				8904F36D13B8E18400D0B9BE /* AVFoundation.framework */,
				89099BF013B49F4500FEE82B /* CoreGraphics.framework */,
				89099BEE13B49F3700FEE82B /* MobileCoreServices.framework */,
				89099BEC13B49F2C00FEE82B /* SystemConfiguration.framework */,
				89099BEA13B49F0600FEE82B /* CFNetwork.framework */,
				89099BE813B4969D00FEE82B /* libasihttp.a */,
				894C512613AB7B2900F83A5F /* UIKit.framework */,
				894C512813AB7B2900F83A5F /* Foundation.framework */,
				894C512A13AB7B2900F83A5F /* CoreGraphics.framework */,
			);
			name = Frameworks;
			sourceTree = "<group>";
		};
		894C512C13AB7B2900F83A5F /* SuperOwlWeeklyHoots */ = {
			isa = PBXGroup;
			children = (
				8948138813D3304B004C7D37 /* Custom Cells */,
				892F7CBA13C1E03C00C4B98C /* Sections */,
				892F7CB613C0F91D00C4B98C /* Utilities */,
				89D4A51B13B799970051A9F3 /* Protocols */,
				89099C0213B4AF5200FEE82B /* Config */,
				89099BF313B4A2AA00FEE82B /* Vendor */,
				894C513513AB7B2900F83A5F /* SuperOwlWeeklyHootsAppDelegate.h */,
				894C513613AB7B2900F83A5F /* SuperOwlWeeklyHootsAppDelegate.m */,
				894C513813AB7B2900F83A5F /* MainWindow.xib */,
				894C513B13AB7B2900F83A5F /* WeeklyHootViewController.h */,
				894C513C13AB7B2900F83A5F /* WeeklyHootViewController.m */,
				894C513E13AB7B2900F83A5F /* RewindViewController.h */,
				894C513F13AB7B2900F83A5F /* RewindViewController.m */,
				894C514113AB7B2900F83A5F /* WeeklyHootView.xib */,
				894C514413AB7B2900F83A5F /* RewindView.xib */,
				894C512D13AB7B2900F83A5F /* Supporting Files */,
			);
			path = SuperOwlWeeklyHoots;
			sourceTree = "<group>";
		};
		894C512D13AB7B2900F83A5F /* Supporting Files */ = {
			isa = PBXGroup;
			children = (
				890D0BE213F85D51007125E1 /* Icons */,
				8948139A13D348CB004C7D37 /* Bundle Background Images */,
				893FBFB313C352D1007EE2E7 /* Buttons */,
				892F7CC713C2383800C4B98C /* Fonts */,
				894C512E13AB7B2900F83A5F /* SuperOwlWeeklyHoots-Info.plist */,
				894C512F13AB7B2900F83A5F /* InfoPlist.strings */,
				894C513213AB7B2900F83A5F /* SuperOwlWeeklyHoots-Prefix.pch */,
				894C513313AB7B2900F83A5F /* main.m */,
				89099BFC13B4AB8600FEE82B /* Environments.plist */,
			);
			name = "Supporting Files";
			sourceTree = "<group>";
		};
		896C0C3213DC69C3007F1B3F /* Storybox */ = {
			isa = PBXGroup;
			children = (
				896C0C3313DC6B0E007F1B3F /* StoryboxViewController.h */,
				896C0C3413DC6B0E007F1B3F /* StoryboxViewController.m */,
				896C0C3513DC6B0E007F1B3F /* StoryboxView.xib */,
				896C0C4313DCA3B0007F1B3F /* StoryboxNavController.h */,
				896C0C4413DCA3B0007F1B3F /* StoryboxNavController.m */,
			);
			name = Storybox;
			sourceTree = "<group>";
		};
		89A41A2513F06DCD00769CAD /* MDAudioPlayer */ = {
			isa = PBXGroup;
			children = (
				89A41A2713F06E4900769CAD /* Images */,
				89A41A3913F06E4900769CAD /* MDAudioFile.h */,
				89A41A3A13F06E4900769CAD /* MDAudioFile.m */,
				89A41A3B13F06E4900769CAD /* MDAudioPlayerController.h */,
				89A41A3C13F06E4900769CAD /* MDAudioPlayerController.m */,
				89A41A3D13F06E4900769CAD /* MDAudioPlayerTableViewCell.h */,
				89A41A3E13F06E4900769CAD /* MDAudioPlayerTableViewCell.m */,
			);
			name = MDAudioPlayer;
			sourceTree = "<group>";
		};
		89A41A2713F06E4900769CAD /* Images */ = {
			isa = PBXGroup;
			children = (
				89A41A2813F06E4900769CAD /* AudioPlayerAlbumInfo.png */,
				89A41A2913F06E4900769CAD /* AudioPlayerBarBackground.png */,
				89A41A2A13F06E4900769CAD /* AudioPlayerNextTrack.png */,
				89A41A2B13F06E4900769CAD /* AudioPlayerNoArtwork.png */,
				89A41A2C13F06E4900769CAD /* AudioPlayerPause.png */,
				89A41A2D13F06E4900769CAD /* AudioPlayerPlay.png */,
				89A41A2E13F06E4900769CAD /* AudioPlayerPrevTrack.png */,
				89A41A2F13F06E4900769CAD /* AudioPlayerRepeatOff.png */,
				89A41A3013F06E4900769CAD /* AudioPlayerRepeatOn.png */,
				89A41A3113F06E4900769CAD /* AudioPlayerRepeatOneOn.png */,
				89A41A3213F06E4900769CAD /* AudioPlayerScrubberKnob.png */,
				89A41A3313F06E4900769CAD /* AudioPlayerScrubberLeft.png */,
				89A41A3413F06E4900769CAD /* AudioPlayerScrubberRight.png */,
				89A41A3513F06E4900769CAD /* AudioPlayerShuffleOff.png */,
				89A41A3613F06E4900769CAD /* AudioPlayerShuffleOn.png */,
				89A41A3713F06E4900769CAD /* AudioPlayerTableBackground.png */,
				89A41A3813F06E4900769CAD /* AudioPlayerVolumeKnob.png */,
			);
			path = Images;
			sourceTree = "<group>";
		};
		89D4A51B13B799970051A9F3 /* Protocols */ = {
			isa = PBXGroup;
			children = (
				89D4A51D13B799EF0051A9F3 /* SuperOwlAudioNotifications.h */,
			);
			name = Protocols;
			sourceTree = "<group>";
		};
		89DF135113AF931C005A557A /* Models */ = {
			isa = PBXGroup;
			children = (
				89DF135213AF9351005A557A /* WeeklyBundle.h */,
				89DF135313AF9351005A557A /* WeeklyBundle.m */,
				891DB32813BCD09500B27C2F /* BundlesManager.h */,
				891DB32913BCD09500B27C2F /* BundlesManager.m */,
				893FBFBC13C4C083007EE2E7 /* AudioDownloadsRunner.h */,
				893FBFBD13C4C083007EE2E7 /* AudioDownloadsRunner.m */,
				893FBFBF13C4D4D3007EE2E7 /* AudioDownload.h */,
				893FBFC013C4D4D3007EE2E7 /* AudioDownload.m */,
				896C0C3813DC8732007F1B3F /* PlaylistsQueue.h */,
				896C0C3913DC8732007F1B3F /* PlaylistsQueue.m */,
				896C0C3B13DC944F007F1B3F /* StoryboxLoader.h */,
				896C0C3C13DC944F007F1B3F /* StoryboxLoader.m */,
				8938566D13FB0C2A004BFE90 /* FileStoreSyncer.h */,
				8938566E13FB0C2A004BFE90 /* FileStoreSyncer.m */,
				893B471A13E094C700852710 /* Storybox.h */,
				893B471B13E094C700852710 /* Storybox.m */,
				89DF135513AF9941005A557A /* Playlist.h */,
				89DF135613AF9941005A557A /* Playlist.m */,
				89DF135813AF9A86005A557A /* Programme.h */,
				89DF135913AF9A86005A557A /* Programme.m */,
				896E5A6C13E4046000319C45 /* PlaylistDownload.h */,
				896E5A6D13E4046000319C45 /* PlaylistDownload.m */,
				89C0779613E9337F00DDAB6E /* ProgrammeDownload.h */,
				89C0779713E9337F00DDAB6E /* ProgrammeDownload.m */,
			);
			name = Models;
			sourceTree = "<group>";
		};
		89DF135B13B0A000005A557A /* Custom Views */ = {
			isa = PBXGroup;
			children = (
				89DF135C13B0A046005A557A /* WeeklyHootSectionHeaderView.xib */,
				89DF135E13B0A27D005A557A /* WeeklyHootSectionHeader.h */,
				89DF135F13B0A27D005A557A /* WeeklyHootSectionHeader.m */,
			);
			name = "Custom Views";
			sourceTree = "<group>";
		};
/* End PBXGroup section */

/* Begin PBXNativeTarget section */
		894C512113AB7B2900F83A5F /* SuperOwlWeeklyHoots */ = {
			isa = PBXNativeTarget;
			buildConfigurationList = 894C514913AB7B2900F83A5F /* Build configuration list for PBXNativeTarget "SuperOwlWeeklyHoots" */;
			buildPhases = (
				894C511E13AB7B2900F83A5F /* Sources */,
				894C511F13AB7B2900F83A5F /* Frameworks */,
				894C512013AB7B2900F83A5F /* Resources */,
			);
			buildRules = (
			);
			dependencies = (
			);
			name = SuperOwlWeeklyHoots;
			productName = SuperOwlWeeklyHoots;
			productReference = 894C512213AB7B2900F83A5F /* SuperOwlWeeklyHoots.app */;
			productType = "com.apple.product-type.application";
		};
/* End PBXNativeTarget section */

/* Begin PBXProject section */
		894C511913AB7B2900F83A5F /* Project object */ = {
			isa = PBXProject;
			attributes = {
				ORGANIZATIONNAME = "Said.fm Ltd";
			};
			buildConfigurationList = 894C511C13AB7B2900F83A5F /* Build configuration list for PBXProject "SuperOwlWeeklyHoots" */;
			compatibilityVersion = "Xcode 3.2";
			developmentRegion = English;
			hasScannedForEncodings = 0;
			knownRegions = (
				en,
			);
			mainGroup = 894C511713AB7B2900F83A5F;
			productRefGroup = 894C512313AB7B2900F83A5F /* Products */;
			projectDirPath = "";
			projectRoot = "";
			targets = (
				894C512113AB7B2900F83A5F /* SuperOwlWeeklyHoots */,
			);
		};
/* End PBXProject section */

/* Begin PBXResourcesBuildPhase section */
		894C512013AB7B2900F83A5F /* Resources */ = {
			isa = PBXResourcesBuildPhase;
			buildActionMask = 2147483647;
			files = (
				894C513113AB7B2900F83A5F /* InfoPlist.strings in Resources */,
				894C513A13AB7B2900F83A5F /* MainWindow.xib in Resources */,
				894C514313AB7B2900F83A5F /* WeeklyHootView.xib in Resources */,
				894C514613AB7B2900F83A5F /* RewindView.xib in Resources */,
				89DF135D13B0A046005A557A /* WeeklyHootSectionHeaderView.xib in Resources */,
				89099BF913B4A2E300FEE82B /* CHANGELOG.md in Resources */,
				89099BFB13B4A2E300FEE82B /* README.md in Resources */,
				89099BFD13B4AB8600FEE82B /* Environments.plist in Resources */,
				892F7CC013C1E08500C4B98C /* WeeklyBundlesView.xib in Resources */,
				893FBFAE13C23CF2007EE2E7 /* CabinSketch-Bold.ttf in Resources */,
				893FBFB913C3714E007EE2E7 /* README.mdown in Resources */,
				8948138D13D3314D004C7D37 /* BundleCell.xib in Resources */,
				894813A013D34907004C7D37 /* bus_window_240x163.jpg in Resources */,
				894813A113D34907004C7D37 /* london_double_decker_240x160.jpg in Resources */,
				894813A213D34907004C7D37 /* rush_hour_240x160.jpg in Resources */,
				894813A313D34907004C7D37 /* story_road_240x180.jpg in Resources */,
				894813A413D34907004C7D37 /* urban_commute_240x180.jpg in Resources */,
				896C0C3713DC6B0E007F1B3F /* StoryboxView.xib in Resources */,
				89E1F08513DDFF2300D381E2 /* london_double_decker_500x333.jpg in Resources */,
				89E1F08813DDFFDB00D381E2 /* bus_window_500 x 339.jpg in Resources */,
				89A41A3F13F06E4900769CAD /* AudioPlayerAlbumInfo.png in Resources */,
				89A41A4013F06E4900769CAD /* AudioPlayerBarBackground.png in Resources */,
				89A41A4113F06E4900769CAD /* AudioPlayerNextTrack.png in Resources */,
				89A41A4213F06E4900769CAD /* AudioPlayerNoArtwork.png in Resources */,
				89A41A4313F06E4900769CAD /* AudioPlayerPause.png in Resources */,
				89A41A4413F06E4900769CAD /* AudioPlayerPlay.png in Resources */,
				89A41A4513F06E4900769CAD /* AudioPlayerPrevTrack.png in Resources */,
				89A41A4613F06E4900769CAD /* AudioPlayerRepeatOff.png in Resources */,
				89A41A4713F06E4900769CAD /* AudioPlayerRepeatOn.png in Resources */,
				89A41A4813F06E4900769CAD /* AudioPlayerRepeatOneOn.png in Resources */,
				89A41A4913F06E4900769CAD /* AudioPlayerScrubberKnob.png in Resources */,
				89A41A4A13F06E4900769CAD /* AudioPlayerScrubberLeft.png in Resources */,
				89A41A4B13F06E4900769CAD /* AudioPlayerScrubberRight.png in Resources */,
				89A41A4C13F06E4900769CAD /* AudioPlayerShuffleOff.png in Resources */,
				89A41A4D13F06E4900769CAD /* AudioPlayerShuffleOn.png in Resources */,
				89A41A4E13F06E4900769CAD /* AudioPlayerTableBackground.png in Resources */,
				89A41A4F13F06E4900769CAD /* AudioPlayerVolumeKnob.png in Resources */,
				890D0BE513F85D65007125E1 /* storybox.png in Resources */,
				890D0BE613F85D65007125E1 /* storybox@2x.png in Resources */,
				890D0BE913F85E8A007125E1 /* gear.png in Resources */,
				890D0BEA13F85E8A007125E1 /* gear@2x.png in Resources */,
				89E1D6FD13F9407900A40099 /* collect-highlighted@2x.png in Resources */,
				89E1D6FE13F9407900A40099 /* collect-normal@2x.png in Resources */,
				8938BF8913F994F200A32873 /* done@2x.png in Resources */,
				8938BF8A13F994F200A32873 /* stop-highlighted@2x.png in Resources */,
				8938BF8B13F994F200A32873 /* stop-normal@2x.png in Resources */,
				8938BF9113F994FF00A32873 /* collect-highlighted.png in Resources */,
				8938BF9213F994FF00A32873 /* collect-normal.png in Resources */,
				8938BF9313F994FF00A32873 /* done.png in Resources */,
				8938BF9413F994FF00A32873 /* stop-highlighted.png in Resources */,
				8938BF9513F994FF00A32873 /* stop-normal.png in Resources */,
				8938BF9813F99EF500A32873 /* Icon.png in Resources */,
				8938BF9913F99EF500A32873 /* Icon@2x.png in Resources */,
			);
			runOnlyForDeploymentPostprocessing = 0;
		};
/* End PBXResourcesBuildPhase section */

/* Begin PBXSourcesBuildPhase section */
		894C511E13AB7B2900F83A5F /* Sources */ = {
			isa = PBXSourcesBuildPhase;
			buildActionMask = 2147483647;
			files = (
				894C513413AB7B2900F83A5F /* main.m in Sources */,
				894C513713AB7B2900F83A5F /* SuperOwlWeeklyHootsAppDelegate.m in Sources */,
				894C513D13AB7B2900F83A5F /* WeeklyHootViewController.m in Sources */,
				894C514013AB7B2900F83A5F /* RewindViewController.m in Sources */,
				89DF135413AF9351005A557A /* WeeklyBundle.m in Sources */,
				89DF135713AF9941005A557A /* Playlist.m in Sources */,
				89DF135A13AF9A86005A557A /* Programme.m in Sources */,
				89DF136013B0A27D005A557A /* WeeklyHootSectionHeader.m in Sources */,
				89099BFA13B4A2E300FEE82B /* JSONKit.m in Sources */,
				89099C0513B4AF7B00FEE82B /* Environment.m in Sources */,
				891DB32A13BCD09500B27C2F /* BundlesManager.m in Sources */,
				892F7CB913C0F94100C4B98C /* FileStore.m in Sources */,
				892F7CBF13C1E08500C4B98C /* WeeklyBundlesViewController.m in Sources */,
				892F7CC613C2284500C4B98C /* WeeklyBundlesNavController.m in Sources */,
				893FBFB613C37047007EE2E7 /* MBProgressHUD.m in Sources */,
				893FBFBE13C4C083007EE2E7 /* AudioDownloadsRunner.m in Sources */,
				893FBFC113C4D4D3007EE2E7 /* AudioDownload.m in Sources */,
				8948138513D32F28004C7D37 /* UIImage+Alpha.m in Sources */,
				8948138613D32F28004C7D37 /* UIImage+Resize.m in Sources */,
				8948138713D32F28004C7D37 /* UIImage+RoundedCorner.m in Sources */,
				8948138C13D3314D004C7D37 /* BundleCell.m in Sources */,
				896C0C3613DC6B0E007F1B3F /* StoryboxViewController.m in Sources */,
				896C0C3A13DC8732007F1B3F /* PlaylistsQueue.m in Sources */,
				896C0C3D13DC944F007F1B3F /* StoryboxLoader.m in Sources */,
				896C0C4513DCA3B0007F1B3F /* StoryboxNavController.m in Sources */,
				893B471C13E094C700852710 /* Storybox.m in Sources */,
				896E5A6E13E4046000319C45 /* PlaylistDownload.m in Sources */,
				89C0779813E9337F00DDAB6E /* ProgrammeDownload.m in Sources */,
				89A41A5013F06E4900769CAD /* MDAudioFile.m in Sources */,
				89A41A5113F06E4900769CAD /* MDAudioPlayerController.m in Sources */,
				89A41A5213F06E4900769CAD /* MDAudioPlayerTableViewCell.m in Sources */,
				8938566F13FB0C2A004BFE90 /* FileStoreSyncer.m in Sources */,
			);
			runOnlyForDeploymentPostprocessing = 0;
		};
/* End PBXSourcesBuildPhase section */

/* Begin PBXVariantGroup section */
		894C512F13AB7B2900F83A5F /* InfoPlist.strings */ = {
			isa = PBXVariantGroup;
			children = (
				894C513013AB7B2900F83A5F /* en */,
			);
			name = InfoPlist.strings;
			sourceTree = "<group>";
		};
		894C513813AB7B2900F83A5F /* MainWindow.xib */ = {
			isa = PBXVariantGroup;
			children = (
				894C513913AB7B2900F83A5F /* en */,
			);
			name = MainWindow.xib;
			sourceTree = "<group>";
		};
		894C514113AB7B2900F83A5F /* WeeklyHootView.xib */ = {
			isa = PBXVariantGroup;
			children = (
				894C514213AB7B2900F83A5F /* en */,
			);
			name = WeeklyHootView.xib;
			sourceTree = "<group>";
		};
		894C514413AB7B2900F83A5F /* RewindView.xib */ = {
			isa = PBXVariantGroup;
			children = (
				894C514513AB7B2900F83A5F /* en */,
			);
			name = RewindView.xib;
			sourceTree = "<group>";
		};
/* End PBXVariantGroup section */

/* Begin XCBuildConfiguration section */
		89099BFE13B4AEF900FEE82B /* LocalDev */ = {
			isa = XCBuildConfiguration;
			buildSettings = {
				ARCHS = "$(ARCHS_STANDARD_32_BIT)";
				CODE_SIGN_IDENTITY = "";
				"CODE_SIGN_IDENTITY[sdk=iphoneos*]" = "iPhone Developer";
				GCC_C_LANGUAGE_STANDARD = gnu99;
				GCC_VERSION = com.apple.compilers.llvmgcc42;
				GCC_WARN_ABOUT_RETURN_TYPE = YES;
				GCC_WARN_UNUSED_VARIABLE = YES;
				IPHONEOS_DEPLOYMENT_TARGET = 4.2;
				OTHER_CFLAGS = "-DNS_BLOCK_ASSERTIONS=1";
				"PROVISIONING_PROFILE[sdk=iphoneos*]" = "";
				SDKROOT = iphoneos;
			};
			name = LocalDev;
		};
		89099BFF13B4AEF900FEE82B /* LocalDev */ = {
			isa = XCBuildConfiguration;
			buildSettings = {
				ALWAYS_SEARCH_USER_PATHS = NO;
				COPY_PHASE_STRIP = YES;
				GCC_PRECOMPILE_PREFIX_HEADER = YES;
				GCC_PREFIX_HEADER = "SuperOwlWeeklyHoots/SuperOwlWeeklyHoots-Prefix.pch";
				INFOPLIST_FILE = "SuperOwlWeeklyHoots/SuperOwlWeeklyHoots-Info.plist";
				IPHONEOS_DEPLOYMENT_TARGET = 4.3;
				LIBRARY_SEARCH_PATHS = (
					"$(inherited)",
					"\"$(SRCROOT)\"",
				);
				PRODUCT_NAME = "$(TARGET_NAME)";
				"USER_HEADER_SEARCH_PATHS[arch=*]" = "\"$(BUILT_PRODUCTS_DIR)/asihttp\"";
				VALIDATE_PRODUCT = YES;
				WRAPPER_EXTENSION = app;
			};
			name = LocalDev;
		};
		894C514713AB7B2900F83A5F /* Debug */ = {
			isa = XCBuildConfiguration;
			buildSettings = {
				ARCHS = "$(ARCHS_STANDARD_32_BIT)";
				CODE_SIGN_IDENTITY = "";
				"CODE_SIGN_IDENTITY[sdk=iphoneos*]" = "iPhone Developer";
				GCC_C_LANGUAGE_STANDARD = gnu99;
				GCC_OPTIMIZATION_LEVEL = 0;
				GCC_PREPROCESSOR_DEFINITIONS = DEBUG;
				GCC_SYMBOLS_PRIVATE_EXTERN = NO;
				GCC_VERSION = com.apple.compilers.llvmgcc42;
				GCC_WARN_ABOUT_RETURN_TYPE = YES;
				GCC_WARN_UNUSED_VARIABLE = YES;
				IPHONEOS_DEPLOYMENT_TARGET = 4.2;
				"PROVISIONING_PROFILE[sdk=iphoneos*]" = "";
				SDKROOT = iphoneos;
			};
			name = Debug;
		};
		894C514813AB7B2900F83A5F /* Release */ = {
			isa = XCBuildConfiguration;
			buildSettings = {
				ARCHS = "$(ARCHS_STANDARD_32_BIT)";
				CODE_SIGN_IDENTITY = "";
				"CODE_SIGN_IDENTITY[sdk=iphoneos*]" = "iPhone Developer";
				GCC_C_LANGUAGE_STANDARD = gnu99;
				GCC_VERSION = com.apple.compilers.llvmgcc42;
				GCC_WARN_ABOUT_RETURN_TYPE = YES;
				GCC_WARN_UNUSED_VARIABLE = YES;
				IPHONEOS_DEPLOYMENT_TARGET = 4.2;
				OTHER_CFLAGS = "-DNS_BLOCK_ASSERTIONS=1";
				"PROVISIONING_PROFILE[sdk=iphoneos*]" = "";
				SDKROOT = iphoneos;
			};
			name = Release;
		};
		894C514A13AB7B2900F83A5F /* Debug */ = {
			isa = XCBuildConfiguration;
			buildSettings = {
				ALWAYS_SEARCH_USER_PATHS = NO;
				COPY_PHASE_STRIP = NO;
				GCC_DYNAMIC_NO_PIC = NO;
				GCC_PRECOMPILE_PREFIX_HEADER = YES;
				GCC_PREFIX_HEADER = "SuperOwlWeeklyHoots/SuperOwlWeeklyHoots-Prefix.pch";
				INFOPLIST_FILE = "SuperOwlWeeklyHoots/SuperOwlWeeklyHoots-Info.plist";
				IPHONEOS_DEPLOYMENT_TARGET = 4.3;
				LIBRARY_SEARCH_PATHS = (
					"$(inherited)",
					"\"$(SRCROOT)\"",
				);
				PRODUCT_NAME = "$(TARGET_NAME)";
				"USER_HEADER_SEARCH_PATHS[arch=*]" = "\"$(BUILT_PRODUCTS_DIR)/asihttp\"";
				WRAPPER_EXTENSION = app;
			};
			name = Debug;
		};
		894C514B13AB7B2900F83A5F /* Release */ = {
			isa = XCBuildConfiguration;
			buildSettings = {
				ALWAYS_SEARCH_USER_PATHS = NO;
				COPY_PHASE_STRIP = YES;
				GCC_PRECOMPILE_PREFIX_HEADER = YES;
				GCC_PREFIX_HEADER = "SuperOwlWeeklyHoots/SuperOwlWeeklyHoots-Prefix.pch";
				INFOPLIST_FILE = "SuperOwlWeeklyHoots/SuperOwlWeeklyHoots-Info.plist";
				IPHONEOS_DEPLOYMENT_TARGET = 4.3;
				LIBRARY_SEARCH_PATHS = (
					"$(inherited)",
					"\"$(SRCROOT)\"",
				);
				PRODUCT_NAME = "$(TARGET_NAME)";
				"USER_HEADER_SEARCH_PATHS[arch=*]" = "\"$(BUILT_PRODUCTS_DIR)/asihttp\"";
				VALIDATE_PRODUCT = YES;
				WRAPPER_EXTENSION = app;
			};
			name = Release;
		};
/* End XCBuildConfiguration section */

/* Begin XCConfigurationList section */
		894C511C13AB7B2900F83A5F /* Build configuration list for PBXProject "SuperOwlWeeklyHoots" */ = {
			isa = XCConfigurationList;
			buildConfigurations = (
				894C514713AB7B2900F83A5F /* Debug */,
				894C514813AB7B2900F83A5F /* Release */,
				89099BFE13B4AEF900FEE82B /* LocalDev */,
			);
			defaultConfigurationIsVisible = 0;
			defaultConfigurationName = LocalDev;
		};
		894C514913AB7B2900F83A5F /* Build configuration list for PBXNativeTarget "SuperOwlWeeklyHoots" */ = {
			isa = XCConfigurationList;
			buildConfigurations = (
				894C514A13AB7B2900F83A5F /* Debug */,
				894C514B13AB7B2900F83A5F /* Release */,
				89099BFF13B4AEF900FEE82B /* LocalDev */,
			);
			defaultConfigurationIsVisible = 0;
			defaultConfigurationName = LocalDev;
		};
/* End XCConfigurationList section */
	};
	rootObject = 894C511913AB7B2900F83A5F /* Project object */;
}
